
Microsoft Visual Studio Solution File, Format Version 12.00
# Visual Studio 15
VisualStudioVersion = 15.0.27130.2010
MinimumVisualStudioVersion = 10.0.40219.1
Project("{FAE04EC0-301F-11D3-BF4B-00C04F79EFBC}") = "ClasserOs", "ClasserOs\ClasserOs.csproj", "{2ADDBB20-B964-4D5D-8B21-6D98EFDCAC7D}"
EndProject
Global
	GlobalSection(SolutionConfigurationPlatforms) = preSolution
		Debug|Any CPU = Debug|Any CPU
		Release|Any CPU = Release|Any CPU
	EndGlobalSection
	GlobalSection(ProjectConfigurationPlatforms) = postSolution
		{2ADDBB20-B964-4D5D-8B21-6D98EFDCAC7D}.Debug|Any CPU.ActiveCfg = Debug|Any CPU
		{2ADDBB20-B964-4D5D-8B21-6D98EFDCAC7D}.Debug|Any CPU.Build.0 = Debug|Any CPU
		{2ADDBB20-B964-4D5D-8B21-6D98EFDCAC7D}.Release|Any CPU.ActiveCfg = Release|Any CPU
		{2ADDBB20-B964-4D5D-8B21-6D98EFDCAC7D}.Release|Any CPU.Build.0 = Release|Any CPU
	EndGlobalSection
	GlobalSection(SolutionProperties) = preSolution
		HideSolutionNode = FALSE
	EndGlobalSection
	GlobalSection(ExtensibilityGlobals) = postSolution
		SolutionGuid = {05082753-217B-4A31-975F-A68D1E027427}
	EndGlobalSection
EndGlobal
